
Microsoft Visual Studio Solution File, Format Version 12.00
# Visual Studio Version 17
VisualStudioVersion = 17.11.35327.3
MinimumVisualStudioVersion = 10.0.40219.1
Project("{FAE04EC0-301F-11D3-BF4B-00C04F79EFBC}") = "Пр2 по ПиТ Отладка программы Часть 1", "Пр2 по ПиТ Отладка программы Часть 1\Пр2 по ПиТ Отладка программы Часть 1.csproj", "{BEC8EED4-4BB2-426D-BDA3-B8863DF823CE}"
EndProject
Global
	GlobalSection(SolutionConfigurationPlatforms) = preSolution
		Debug|Any CPU = Debug|Any CPU
		Release|Any CPU = Release|Any CPU
	EndGlobalSection
	GlobalSection(ProjectConfigurationPlatforms) = postSolution
		{BEC8EED4-4BB2-426D-BDA3-B8863DF823CE}.Debug|Any CPU.ActiveCfg = Debug|Any CPU
		{BEC8EED4-4BB2-426D-BDA3-B8863DF823CE}.Debug|Any CPU.Build.0 = Debug|Any CPU
		{BEC8EED4-4BB2-426D-BDA3-B8863DF823CE}.Release|Any CPU.ActiveCfg = Release|Any CPU
		{BEC8EED4-4BB2-426D-BDA3-B8863DF823CE}.Release|Any CPU.Build.0 = Release|Any CPU
	EndGlobalSection
	GlobalSection(SolutionProperties) = preSolution
		HideSolutionNode = FALSE
	EndGlobalSection
	GlobalSection(ExtensibilityGlobals) = postSolution
		SolutionGuid = {32413997-5A15-45A6-94CE-B8C42D27D529}
	EndGlobalSection
EndGlobal
